
Microsoft Visual Studio Solution File, Format Version 12.00
# Visual Studio 15
VisualStudioVersion = 15.0.28307.421
MinimumVisualStudioVersion = 10.0.40219.1
Project("{FAE04EC0-301F-11D3-BF4B-00C04F79EFBC}") = "OOP-Class-Object", "OOP-Class-Object\OOP-Class-Object.csproj", "{51F9BFF7-6BE6-4069-B5BA-9D6F463762CB}"
EndProject
Global
	GlobalSection(SolutionConfigurationPlatforms) = preSolution
		Debug|Any CPU = Debug|Any CPU
		Release|Any CPU = Release|Any CPU
	EndGlobalSection
	GlobalSection(ProjectConfigurationPlatforms) = postSolution
		{51F9BFF7-6BE6-4069-B5BA-9D6F463762CB}.Debug|Any CPU.ActiveCfg = Debug|Any CPU
		{51F9BFF7-6BE6-4069-B5BA-9D6F463762CB}.Debug|Any CPU.Build.0 = Debug|Any CPU
		{51F9BFF7-6BE6-4069-B5BA-9D6F463762CB}.Release|Any CPU.ActiveCfg = Release|Any CPU
		{51F9BFF7-6BE6-4069-B5BA-9D6F463762CB}.Release|Any CPU.Build.0 = Release|Any CPU
	EndGlobalSection
	GlobalSection(SolutionProperties) = preSolution
		HideSolutionNode = FALSE
	EndGlobalSection
	GlobalSection(ExtensibilityGlobals) = postSolution
		SolutionGuid = {D0F51C9C-F002-473F-B874-E59507AD642A}
	EndGlobalSection
EndGlobal
